
Microsoft Visual Studio Solution File, Format Version 12.00
# Visual Studio 15
VisualStudioVersion = 15.0.27428.2015
MinimumVisualStudioVersion = 10.0.40219.1
Project("{FAE04EC0-301F-11D3-BF4B-00C04F79EFBC}") = "ChangFunctionApp1", "ChangFunctionApp1\ChangFunctionApp1.csproj", "{C67E93A2-3349-403E-883E-2120FE56BA91}"
EndProject
Global
	GlobalSection(SolutionConfigurationPlatforms) = preSolution
		Debug|Any CPU = Debug|Any CPU
		Release|Any CPU = Release|Any CPU
	EndGlobalSection
	GlobalSection(ProjectConfigurationPlatforms) = postSolution
		{C67E93A2-3349-403E-883E-2120FE56BA91}.Debug|Any CPU.ActiveCfg = Debug|Any CPU
		{C67E93A2-3349-403E-883E-2120FE56BA91}.Debug|Any CPU.Build.0 = Debug|Any CPU
		{C67E93A2-3349-403E-883E-2120FE56BA91}.Release|Any CPU.ActiveCfg = Release|Any CPU
		{C67E93A2-3349-403E-883E-2120FE56BA91}.Release|Any CPU.Build.0 = Release|Any CPU
	EndGlobalSection
	GlobalSection(SolutionProperties) = preSolution
		HideSolutionNode = FALSE
	EndGlobalSection
	GlobalSection(ExtensibilityGlobals) = postSolution
		SolutionGuid = {F704BE3C-11FB-452E-8D06-C4B0973C1E44}
	EndGlobalSection
EndGlobal
